// !$*UTF8*$!
{
	archiveVersion = 1;
	classes = {
	};
	objectVersion = 56;
	objects = {

/* Begin PBXBuildFile section */
		1478B7822B44C0D900FBE7F6 /* CoinsMarketsResponse.swift in Sources */ = {isa = PBXBuildFile; fileRef = 1478B7812B44C0D900FBE7F6 /* CoinsMarketsResponse.swift */; };
		14DBBB692B45CDBD001A7321 /* MarketDataService+CoinsMarkets.swift in Sources */ = {isa = PBXBuildFile; fileRef = 14DBBB682B45CDBD001A7321 /* MarketDataService+CoinsMarkets.swift */; };
		14DBBBC62B4869A9001A7321 /* CryptoMarketsViewModel.swift in Sources */ = {isa = PBXBuildFile; fileRef = 14DBBBC52B4869A9001A7321 /* CryptoMarketsViewModel.swift */; };
		14DBBBCA2B486F35001A7321 /* CoinMarketLineItemViewModel.swift in Sources */ = {isa = PBXBuildFile; fileRef = 14DBBBC92B486F35001A7321 /* CoinMarketLineItemViewModel.swift */; };
		9004C09A2B5AB28D009CE1B3 /* OverviewPanelView.swift in Sources */ = {isa = PBXBuildFile; fileRef = 9004C0992B5AB28D009CE1B3 /* OverviewPanelView.swift */; };
		9004C0A52B5AF36D009CE1B3 /* MainTab.swift in Sources */ = {isa = PBXBuildFile; fileRef = 9004C0A42B5AF36D009CE1B3 /* MainTab.swift */; };
		9004C0A72B5AF3EE009CE1B3 /* MarketWatch.swift in Sources */ = {isa = PBXBuildFile; fileRef = 9004C0A62B5AF3EE009CE1B3 /* MarketWatch.swift */; };
		9004C0AD2B5AF7E2009CE1B3 /* CryptoCurrencies.swift in Sources */ = {isa = PBXBuildFile; fileRef = 9004C0AC2B5AF7E2009CE1B3 /* CryptoCurrencies.swift */; };
		9004C0AF2B5AF86F009CE1B3 /* Watchlist.swift in Sources */ = {isa = PBXBuildFile; fileRef = 9004C0AE2B5AF86F009CE1B3 /* Watchlist.swift */; };
		9004C0B12B5AF8B4009CE1B3 /* Intelligence.swift in Sources */ = {isa = PBXBuildFile; fileRef = 9004C0B02B5AF8B4009CE1B3 /* Intelligence.swift */; };
		9004C0B32B5AF8DC009CE1B3 /* Profile.swift in Sources */ = {isa = PBXBuildFile; fileRef = 9004C0B22B5AF8DC009CE1B3 /* Profile.swift */; };
		9004C0B62B5AFCB1009CE1B3 /* TabActions.swift in Sources */ = {isa = PBXBuildFile; fileRef = 9004C0B52B5AFCB1009CE1B3 /* TabActions.swift */; };
		9004C0B82B5AFF99009CE1B3 /* Binding+Extensions.swift in Sources */ = {isa = PBXBuildFile; fileRef = 9004C0B72B5AFF99009CE1B3 /* Binding+Extensions.swift */; };
		9004C0BA2B5B168A009CE1B3 /* Header.swift in Sources */ = {isa = PBXBuildFile; fileRef = 9004C0B92B5B168A009CE1B3 /* Header.swift */; };
		9004C0BC2B5B2393009CE1B3 /* AppState+Header.swift in Sources */ = {isa = PBXBuildFile; fileRef = 9004C0BB2B5B2393009CE1B3 /* AppState+Header.swift */; };
		9004C0BE2B5B39E7009CE1B3 /* CoinMarketApi.swift in Sources */ = {isa = PBXBuildFile; fileRef = 9004C0BD2B5B39E7009CE1B3 /* CoinMarketApi.swift */; };
		9004C0C12B5B3ABC009CE1B3 /* Quote.swift in Sources */ = {isa = PBXBuildFile; fileRef = 9004C0C02B5B3ABC009CE1B3 /* Quote.swift */; };
		9004C0C32B5B3D25009CE1B3 /* MarketWatchActions.swift in Sources */ = {isa = PBXBuildFile; fileRef = 9004C0C22B5B3D25009CE1B3 /* MarketWatchActions.swift */; };
		9004C0C52B5B3F09009CE1B3 /* MarketState.swift in Sources */ = {isa = PBXBuildFile; fileRef = 9004C0C42B5B3F09009CE1B3 /* MarketState.swift */; };
		9004C0C72B5C11E6009CE1B3 /* MarketPanel.swift in Sources */ = {isa = PBXBuildFile; fileRef = 9004C0C62B5C11E6009CE1B3 /* MarketPanel.swift */; };
		9004C0C92B5C125E009CE1B3 /* GenericPanelCell.swift in Sources */ = {isa = PBXBuildFile; fileRef = 9004C0C82B5C125E009CE1B3 /* GenericPanelCell.swift */; };
		9004C0CB2B5C1339009CE1B3 /* GenericCellTitle.swift in Sources */ = {isa = PBXBuildFile; fileRef = 9004C0CA2B5C1339009CE1B3 /* GenericCellTitle.swift */; };
		9004C0CD2B5C1578009CE1B3 /* MarketCellActions.swift in Sources */ = {isa = PBXBuildFile; fileRef = 9004C0CC2B5C1578009CE1B3 /* MarketCellActions.swift */; };
		9004C0CF2B5C172C009CE1B3 /* GenericCellSubtitle.swift in Sources */ = {isa = PBXBuildFile; fileRef = 9004C0CE2B5C172C009CE1B3 /* GenericCellSubtitle.swift */; };
		9004C0D12B5C18D8009CE1B3 /* GenericPanelState.swift in Sources */ = {isa = PBXBuildFile; fileRef = 9004C0D02B5C18D8009CE1B3 /* GenericPanelState.swift */; };
		9004C0D32B5C2196009CE1B3 /* GenericTitleSection.swift in Sources */ = {isa = PBXBuildFile; fileRef = 9004C0D22B5C2196009CE1B3 /* GenericTitleSection.swift */; };
		9004C0D52B5C37FC009CE1B3 /* GenericValueSection.swift in Sources */ = {isa = PBXBuildFile; fileRef = 9004C0D42B5C37FC009CE1B3 /* GenericValueSection.swift */; };
		901F47692B4723A600C49C64 /* MarketItemResponse.swift in Sources */ = {isa = PBXBuildFile; fileRef = 901F47682B4723A600C49C64 /* MarketItemResponse.swift */; };
		901F476B2B47251F00C49C64 /* Api+CoinGecko+Markets.swift in Sources */ = {isa = PBXBuildFile; fileRef = 901F476A2B47251F00C49C64 /* Api+CoinGecko+Markets.swift */; };
		901F476D2B47765200C49C64 /* MarketDataService+Movers.swift in Sources */ = {isa = PBXBuildFile; fileRef = 901F476C2B47765200C49C64 /* MarketDataService+Movers.swift */; };
		901F476F2B47768500C49C64 /* MarketItem.swift in Sources */ = {isa = PBXBuildFile; fileRef = 901F476E2B47768500C49C64 /* MarketItem.swift */; };
		901F47732B47A52800C49C64 /* Array+Extensions.swift in Sources */ = {isa = PBXBuildFile; fileRef = 901F47722B47A52800C49C64 /* Array+Extensions.swift */; };
		9024864D2B50C60F004218DD /* PanelItemViewModel.swift in Sources */ = {isa = PBXBuildFile; fileRef = 9024864C2B50C60F004218DD /* PanelItemViewModel.swift */; };
		9024864F2B50C799004218DD /* TitleView.swift in Sources */ = {isa = PBXBuildFile; fileRef = 9024864E2B50C799004218DD /* TitleView.swift */; };
		902486512B50C9B1004218DD /* TitleSectionView.swift in Sources */ = {isa = PBXBuildFile; fileRef = 902486502B50C9B1004218DD /* TitleSectionView.swift */; };
		902486532B50CAEC004218DD /* ValueSectionView.swift in Sources */ = {isa = PBXBuildFile; fileRef = 902486522B50CAEC004218DD /* ValueSectionView.swift */; };
		902486552B50CC7D004218DD /* PanelItemView.swift in Sources */ = {isa = PBXBuildFile; fileRef = 902486542B50CC7D004218DD /* PanelItemView.swift */; };
		902486572B50CEB4004218DD /* PanelViewModel.swift in Sources */ = {isa = PBXBuildFile; fileRef = 902486562B50CEB4004218DD /* PanelViewModel.swift */; };
		902486592B50D0E3004218DD /* PanelView.swift in Sources */ = {isa = PBXBuildFile; fileRef = 902486582B50D0E3004218DD /* PanelView.swift */; };
		9024865B2B50DC17004218DD /* SubtitleView.swift in Sources */ = {isa = PBXBuildFile; fileRef = 9024865A2B50DC17004218DD /* SubtitleView.swift */; };
		903003502B41C6950076DD41 /* Color+Palettes.swift in Sources */ = {isa = PBXBuildFile; fileRef = 9030034F2B41C6950076DD41 /* Color+Palettes.swift */; };
		903003612B42070D0076DD41 /* MarketWatchViewModel.swift in Sources */ = {isa = PBXBuildFile; fileRef = 903003602B42070D0076DD41 /* MarketWatchViewModel.swift */; };
		906EBB8F2B65770F00237B16 /* MarketCapState.swift in Sources */ = {isa = PBXBuildFile; fileRef = 906EBB8E2B65770F00237B16 /* MarketCapState.swift */; };
		906EBB912B65775900237B16 /* CellBackingState.swift in Sources */ = {isa = PBXBuildFile; fileRef = 906EBB902B65775900237B16 /* CellBackingState.swift */; };
		906EBB932B657B5D00237B16 /* VolumeState.swift in Sources */ = {isa = PBXBuildFile; fileRef = 906EBB922B657B5D00237B16 /* VolumeState.swift */; };
		906EBB952B657C1900237B16 /* PanelCell.swift in Sources */ = {isa = PBXBuildFile; fileRef = 906EBB942B657C1900237B16 /* PanelCell.swift */; };
		906EBB972B657CDC00237B16 /* CellTitle.swift in Sources */ = {isa = PBXBuildFile; fileRef = 906EBB962B657CDC00237B16 /* CellTitle.swift */; };
		906EBB992B657E9200237B16 /* CellSubtitle.swift in Sources */ = {isa = PBXBuildFile; fileRef = 906EBB982B657E9200237B16 /* CellSubtitle.swift */; };
		906EBB9B2B65806000237B16 /* CellTitleSection.swift in Sources */ = {isa = PBXBuildFile; fileRef = 906EBB9A2B65806000237B16 /* CellTitleSection.swift */; };
		906EBB9D2B65828900237B16 /* CellValueSection.swift in Sources */ = {isa = PBXBuildFile; fileRef = 906EBB9C2B65828900237B16 /* CellValueSection.swift */; };
		906EBBA12B65CF0900237B16 /* CellState.swift in Sources */ = {isa = PBXBuildFile; fileRef = 906EBBA02B65CF0900237B16 /* CellState.swift */; };
		906EBBA32B66BFA100237B16 /* Panel.swift in Sources */ = {isa = PBXBuildFile; fileRef = 906EBBA22B66BFA100237B16 /* Panel.swift */; };
		9074A3FE2B4367A80061DBAF /* Api.swift in Sources */ = {isa = PBXBuildFile; fileRef = 9074A3FD2B4367A70061DBAF /* Api.swift */; };
		9074A40B2B43718A0061DBAF /* MarketDataService.swift in Sources */ = {isa = PBXBuildFile; fileRef = 9074A40A2B43718A0061DBAF /* MarketDataService.swift */; };
		9074A40D2B4371FC0061DBAF /* MarketDataService+MarketCap.swift in Sources */ = {isa = PBXBuildFile; fileRef = 9074A40C2B4371FC0061DBAF /* MarketDataService+MarketCap.swift */; };
		9074A4162B43895A0061DBAF /* Double+Extensions.swift in Sources */ = {isa = PBXBuildFile; fileRef = 9074A4152B43895A0061DBAF /* Double+Extensions.swift */; };
		9074A42B2B4496720061DBAF /* QuoteResponse.swift in Sources */ = {isa = PBXBuildFile; fileRef = 9074A42A2B4496720061DBAF /* QuoteResponse.swift */; };
		9088953E2B4881510031059A /* HomeViewModel.swift in Sources */ = {isa = PBXBuildFile; fileRef = 9088953D2B4881510031059A /* HomeViewModel.swift */; };
		908895402B4884AC0031059A /* RightSideMenuView.swift in Sources */ = {isa = PBXBuildFile; fileRef = 9088953F2B4884AC0031059A /* RightSideMenuView.swift */; };
		908B87162B45C73D007927CE /* GlobalMarketSnapshot.swift in Sources */ = {isa = PBXBuildFile; fileRef = 908B87152B45C73D007927CE /* GlobalMarketSnapshot.swift */; };
		908B871C2B45CD1C007927CE /* Api+CoinMarketCap+GlobalMetrics.swift in Sources */ = {isa = PBXBuildFile; fileRef = 908B871B2B45CD1C007927CE /* Api+CoinMarketCap+GlobalMetrics.swift */; };
		908B871E2B45D183007927CE /* TrendingResponse.swift in Sources */ = {isa = PBXBuildFile; fileRef = 908B871D2B45D183007927CE /* TrendingResponse.swift */; };
		908B87202B45D1FD007927CE /* Api+CoinGecko+Trending.swift in Sources */ = {isa = PBXBuildFile; fileRef = 908B871F2B45D1FD007927CE /* Api+CoinGecko+Trending.swift */; };
		908B87222B45D8D7007927CE /* MarketDataService+Trending.swift in Sources */ = {isa = PBXBuildFile; fileRef = 908B87212B45D8D7007927CE /* MarketDataService+Trending.swift */; };
		908B87242B45D912007927CE /* TrendingSnapshot.swift in Sources */ = {isa = PBXBuildFile; fileRef = 908B87232B45D912007927CE /* TrendingSnapshot.swift */; };
		908B87282B45DF2A007927CE /* TrendingViewModel.swift in Sources */ = {isa = PBXBuildFile; fileRef = 908B87272B45DF2A007927CE /* TrendingViewModel.swift */; };
		909950F42B519E41000B269D /* HeaderViewModel.swift in Sources */ = {isa = PBXBuildFile; fileRef = 909950F32B519E41000B269D /* HeaderViewModel.swift */; };
		909950F62B51AECB000B269D /* CryptoCellViewModel.swift in Sources */ = {isa = PBXBuildFile; fileRef = 909950F52B51AECB000B269D /* CryptoCellViewModel.swift */; };
		909950F92B51B70E000B269D /* DeltaSectionView.swift in Sources */ = {isa = PBXBuildFile; fileRef = 909950F82B51B70E000B269D /* DeltaSectionView.swift */; };
		909950FB2B51BCE4000B269D /* PriceSectionView.swift in Sources */ = {isa = PBXBuildFile; fileRef = 909950FA2B51BCE4000B269D /* PriceSectionView.swift */; };
		909950FD2B51BE7C000B269D /* CryptoCellView.swift in Sources */ = {isa = PBXBuildFile; fileRef = 909950FC2B51BE7C000B269D /* CryptoCellView.swift */; };
		909950FF2B51BEBA000B269D /* SymbolSectionView.swift in Sources */ = {isa = PBXBuildFile; fileRef = 909950FE2B51BEBA000B269D /* SymbolSectionView.swift */; };
		90B87E872B605E8200C0B4FB /* GenericPanelTitle.swift in Sources */ = {isa = PBXBuildFile; fileRef = 90B87E862B605E8200C0B4FB /* GenericPanelTitle.swift */; };
		90D0D5A72B40D94900406596 /* CryptoMarketsApp.swift in Sources */ = {isa = PBXBuildFile; fileRef = 90D0D5A62B40D94900406596 /* CryptoMarketsApp.swift */; };
		90D0D5AB2B40D94B00406596 /* Assets.xcassets in Resources */ = {isa = PBXBuildFile; fileRef = 90D0D5AA2B40D94B00406596 /* Assets.xcassets */; };
		90D0D5AE2B40D94B00406596 /* Preview Assets.xcassets in Resources */ = {isa = PBXBuildFile; fileRef = 90D0D5AD2B40D94B00406596 /* Preview Assets.xcassets */; };
		90D0D5B82B40D94C00406596 /* CryptoMarketsTests.swift in Sources */ = {isa = PBXBuildFile; fileRef = 90D0D5B72B40D94C00406596 /* CryptoMarketsTests.swift */; };
		90D0D5C22B40D94C00406596 /* CryptoMarketsUITests.swift in Sources */ = {isa = PBXBuildFile; fileRef = 90D0D5C12B40D94C00406596 /* CryptoMarketsUITests.swift */; };
		90D0D5C42B40D94C00406596 /* CryptoMarketsUITestsLaunchTests.swift in Sources */ = {isa = PBXBuildFile; fileRef = 90D0D5C32B40D94C00406596 /* CryptoMarketsUITestsLaunchTests.swift */; };
		90D0D5DE2B40DDC700406596 /* MarketWatchView.swift in Sources */ = {isa = PBXBuildFile; fileRef = 90D0D5DD2B40DDC700406596 /* MarketWatchView.swift */; };
		90D0D5E32B40E04500406596 /* HomeView.swift in Sources */ = {isa = PBXBuildFile; fileRef = 90D0D5E22B40E04500406596 /* HomeView.swift */; };
		90D0D5E72B41178A00406596 /* CryptoMarketsView.swift in Sources */ = {isa = PBXBuildFile; fileRef = 90D0D5E62B41178A00406596 /* CryptoMarketsView.swift */; };
		90D0D5EB2B41196600406596 /* WatchlistView.swift in Sources */ = {isa = PBXBuildFile; fileRef = 90D0D5EA2B41196600406596 /* WatchlistView.swift */; };
		90D0D5ED2B4119EB00406596 /* AnalysisView.swift in Sources */ = {isa = PBXBuildFile; fileRef = 90D0D5EC2B4119EB00406596 /* AnalysisView.swift */; };
		90D0D5F32B411B4D00406596 /* ProfileView.swift in Sources */ = {isa = PBXBuildFile; fileRef = 90D0D5F22B411B4D00406596 /* ProfileView.swift */; };
		90D0D5F82B411BE600406596 /* HeaderView.swift in Sources */ = {isa = PBXBuildFile; fileRef = 90D0D5F72B411BE600406596 /* HeaderView.swift */; };
		90DC90E22B62D291008CD3B1 /* CoinGeckoApi.swift in Sources */ = {isa = PBXBuildFile; fileRef = 90DC90E12B62D291008CD3B1 /* CoinGeckoApi.swift */; };
		90DC90E42B62D782008CD3B1 /* CoinMarketQuote.swift in Sources */ = {isa = PBXBuildFile; fileRef = 90DC90E32B62D781008CD3B1 /* CoinMarketQuote.swift */; };
		90EEB8162B5EFA8D009E9813 /* CryptoSummary.swift in Sources */ = {isa = PBXBuildFile; fileRef = 90EEB8152B5EFA8D009E9813 /* CryptoSummary.swift */; };
		90EEB8182B5F0E1E009E9813 /* LargeCapState.swift in Sources */ = {isa = PBXBuildFile; fileRef = 90EEB8172B5F0E1E009E9813 /* LargeCapState.swift */; };
		90EEB81A2B5F1339009E9813 /* MoversPanel.swift in Sources */ = {isa = PBXBuildFile; fileRef = 90EEB8192B5F1339009E9813 /* MoversPanel.swift */; };
		90F6E2C72B4329E20048E98A /* AppState.swift in Sources */ = {isa = PBXBuildFile; fileRef = 90F6E2C62B4329E20048E98A /* AppState.swift */; };
		90F6E2C92B432B4C0048E98A /* LeadingIndicatorsView.swift in Sources */ = {isa = PBXBuildFile; fileRef = 90F6E2C82B432B4C0048E98A /* LeadingIndicatorsView.swift */; };
		90F6E2CB2B432BBC0048E98A /* LeadingIndicatorsViewModel.swift in Sources */ = {isa = PBXBuildFile; fileRef = 90F6E2CA2B432BBC0048E98A /* LeadingIndicatorsViewModel.swift */; };
		90F7C4792B543E0000F3B991 /* NetworkingError.swift in Sources */ = {isa = PBXBuildFile; fileRef = 90F7C4782B543E0000F3B991 /* NetworkingError.swift */; };
		90F7C47B2B549F8800F3B991 /* CoinResponse.swift in Sources */ = {isa = PBXBuildFile; fileRef = 90F7C47A2B549F8800F3B991 /* CoinResponse.swift */; };
		90F7C47D2B54A2E400F3B991 /* Api+CoinGecko+Coins.swift in Sources */ = {isa = PBXBuildFile; fileRef = 90F7C47C2B54A2E400F3B991 /* Api+CoinGecko+Coins.swift */; };
		90F7C4B92B57537300F3B991 /* CoinDetailsView.swift in Sources */ = {isa = PBXBuildFile; fileRef = 90F7C4B82B57537300F3B991 /* CoinDetailsView.swift */; };
		90F7C4BB2B5753B100F3B991 /* CryptoDetailsViewModel.swift in Sources */ = {isa = PBXBuildFile; fileRef = 90F7C4BA2B5753B100F3B991 /* CryptoDetailsViewModel.swift */; };
		90F7C4BE2B5795CC00F3B991 /* CoinImagelView.swift in Sources */ = {isa = PBXBuildFile; fileRef = 90F7C4BD2B5795CC00F3B991 /* CoinImagelView.swift */; };
		90F7C4C02B58309800F3B991 /* CoinInfoView.swift in Sources */ = {isa = PBXBuildFile; fileRef = 90F7C4BF2B58309800F3B991 /* CoinInfoView.swift */; };
		90F7C4C42B58331600F3B991 /* SummaryPanelView.swift in Sources */ = {isa = PBXBuildFile; fileRef = 90F7C4C32B58331600F3B991 /* SummaryPanelView.swift */; };
/* End PBXBuildFile section */

/* Begin PBXContainerItemProxy section */
		90D0D5B42B40D94C00406596 /* PBXContainerItemProxy */ = {
			isa = PBXContainerItemProxy;
			containerPortal = 90D0D59B2B40D94900406596 /* Project object */;
			proxyType = 1;
			remoteGlobalIDString = 90D0D5A22B40D94900406596;
			remoteInfo = CryptoMarkets;
		};
		90D0D5BE2B40D94C00406596 /* PBXContainerItemProxy */ = {
			isa = PBXContainerItemProxy;
			containerPortal = 90D0D59B2B40D94900406596 /* Project object */;
			proxyType = 1;
			remoteGlobalIDString = 90D0D5A22B40D94900406596;
			remoteInfo = CryptoMarkets;
		};
/* End PBXContainerItemProxy section */

/* Begin PBXFileReference section */
		1478B7812B44C0D900FBE7F6 /* CoinsMarketsResponse.swift */ = {isa = PBXFileReference; lastKnownFileType = sourcecode.swift; path = CoinsMarketsResponse.swift; sourceTree = "<group>"; };
		14DBBB682B45CDBD001A7321 /* MarketDataService+CoinsMarkets.swift */ = {isa = PBXFileReference; lastKnownFileType = sourcecode.swift; path = "MarketDataService+CoinsMarkets.swift"; sourceTree = "<group>"; };
		14DBBBC52B4869A9001A7321 /* CryptoMarketsViewModel.swift */ = {isa = PBXFileReference; lastKnownFileType = sourcecode.swift; path = CryptoMarketsViewModel.swift; sourceTree = "<group>"; };
		14DBBBC92B486F35001A7321 /* CoinMarketLineItemViewModel.swift */ = {isa = PBXFileReference; lastKnownFileType = sourcecode.swift; path = CoinMarketLineItemViewModel.swift; sourceTree = "<group>"; };
		9004C0992B5AB28D009CE1B3 /* OverviewPanelView.swift */ = {isa = PBXFileReference; lastKnownFileType = sourcecode.swift; path = OverviewPanelView.swift; sourceTree = "<group>"; };
		9004C0A42B5AF36D009CE1B3 /* MainTab.swift */ = {isa = PBXFileReference; lastKnownFileType = sourcecode.swift; path = MainTab.swift; sourceTree = "<group>"; };
		9004C0A62B5AF3EE009CE1B3 /* MarketWatch.swift */ = {isa = PBXFileReference; lastKnownFileType = sourcecode.swift; path = MarketWatch.swift; sourceTree = "<group>"; };
		9004C0AC2B5AF7E2009CE1B3 /* CryptoCurrencies.swift */ = {isa = PBXFileReference; lastKnownFileType = sourcecode.swift; path = CryptoCurrencies.swift; sourceTree = "<group>"; };
		9004C0AE2B5AF86F009CE1B3 /* Watchlist.swift */ = {isa = PBXFileReference; lastKnownFileType = sourcecode.swift; path = Watchlist.swift; sourceTree = "<group>"; };
		9004C0B02B5AF8B4009CE1B3 /* Intelligence.swift */ = {isa = PBXFileReference; lastKnownFileType = sourcecode.swift; path = Intelligence.swift; sourceTree = "<group>"; };
		9004C0B22B5AF8DC009CE1B3 /* Profile.swift */ = {isa = PBXFileReference; lastKnownFileType = sourcecode.swift; path = Profile.swift; sourceTree = "<group>"; };
		9004C0B52B5AFCB1009CE1B3 /* TabActions.swift */ = {isa = PBXFileReference; lastKnownFileType = sourcecode.swift; path = TabActions.swift; sourceTree = "<group>"; };
		9004C0B72B5AFF99009CE1B3 /* Binding+Extensions.swift */ = {isa = PBXFileReference; lastKnownFileType = sourcecode.swift; path = "Binding+Extensions.swift"; sourceTree = "<group>"; };
		9004C0B92B5B168A009CE1B3 /* Header.swift */ = {isa = PBXFileReference; lastKnownFileType = sourcecode.swift; path = Header.swift; sourceTree = "<group>"; };
		9004C0BB2B5B2393009CE1B3 /* AppState+Header.swift */ = {isa = PBXFileReference; lastKnownFileType = sourcecode.swift; path = "AppState+Header.swift"; sourceTree = "<group>"; };
		9004C0BD2B5B39E7009CE1B3 /* CoinMarketApi.swift */ = {isa = PBXFileReference; lastKnownFileType = sourcecode.swift; path = CoinMarketApi.swift; sourceTree = "<group>"; };
		9004C0C02B5B3ABC009CE1B3 /* Quote.swift */ = {isa = PBXFileReference; lastKnownFileType = sourcecode.swift; path = Quote.swift; sourceTree = "<group>"; };
		9004C0C22B5B3D25009CE1B3 /* MarketWatchActions.swift */ = {isa = PBXFileReference; lastKnownFileType = sourcecode.swift; path = MarketWatchActions.swift; sourceTree = "<group>"; };
		9004C0C42B5B3F09009CE1B3 /* MarketState.swift */ = {isa = PBXFileReference; lastKnownFileType = sourcecode.swift; path = MarketState.swift; sourceTree = "<group>"; };
		9004C0C62B5C11E6009CE1B3 /* MarketPanel.swift */ = {isa = PBXFileReference; lastKnownFileType = sourcecode.swift; path = MarketPanel.swift; sourceTree = "<group>"; };
		9004C0C82B5C125E009CE1B3 /* GenericPanelCell.swift */ = {isa = PBXFileReference; lastKnownFileType = sourcecode.swift; path = GenericPanelCell.swift; sourceTree = "<group>"; };
		9004C0CA2B5C1339009CE1B3 /* GenericCellTitle.swift */ = {isa = PBXFileReference; lastKnownFileType = sourcecode.swift; path = GenericCellTitle.swift; sourceTree = "<group>"; };
		9004C0CC2B5C1578009CE1B3 /* MarketCellActions.swift */ = {isa = PBXFileReference; lastKnownFileType = sourcecode.swift; path = MarketCellActions.swift; sourceTree = "<group>"; };
		9004C0CE2B5C172C009CE1B3 /* GenericCellSubtitle.swift */ = {isa = PBXFileReference; lastKnownFileType = sourcecode.swift; path = GenericCellSubtitle.swift; sourceTree = "<group>"; };
		9004C0D02B5C18D8009CE1B3 /* GenericPanelState.swift */ = {isa = PBXFileReference; lastKnownFileType = sourcecode.swift; path = GenericPanelState.swift; sourceTree = "<group>"; };
		9004C0D22B5C2196009CE1B3 /* GenericTitleSection.swift */ = {isa = PBXFileReference; lastKnownFileType = sourcecode.swift; path = GenericTitleSection.swift; sourceTree = "<group>"; };
		9004C0D42B5C37FC009CE1B3 /* GenericValueSection.swift */ = {isa = PBXFileReference; lastKnownFileType = sourcecode.swift; path = GenericValueSection.swift; sourceTree = "<group>"; };
		901F47682B4723A600C49C64 /* MarketItemResponse.swift */ = {isa = PBXFileReference; lastKnownFileType = sourcecode.swift; path = MarketItemResponse.swift; sourceTree = "<group>"; };
		901F476A2B47251F00C49C64 /* Api+CoinGecko+Markets.swift */ = {isa = PBXFileReference; lastKnownFileType = sourcecode.swift; path = "Api+CoinGecko+Markets.swift"; sourceTree = "<group>"; };
		901F476C2B47765200C49C64 /* MarketDataService+Movers.swift */ = {isa = PBXFileReference; lastKnownFileType = sourcecode.swift; path = "MarketDataService+Movers.swift"; sourceTree = "<group>"; };
		901F476E2B47768500C49C64 /* MarketItem.swift */ = {isa = PBXFileReference; lastKnownFileType = sourcecode.swift; path = MarketItem.swift; sourceTree = "<group>"; };
		901F47722B47A52800C49C64 /* Array+Extensions.swift */ = {isa = PBXFileReference; lastKnownFileType = sourcecode.swift; path = "Array+Extensions.swift"; sourceTree = "<group>"; };
		9024864C2B50C60F004218DD /* PanelItemViewModel.swift */ = {isa = PBXFileReference; lastKnownFileType = sourcecode.swift; path = PanelItemViewModel.swift; sourceTree = "<group>"; };
		9024864E2B50C799004218DD /* TitleView.swift */ = {isa = PBXFileReference; lastKnownFileType = sourcecode.swift; path = TitleView.swift; sourceTree = "<group>"; };
		902486502B50C9B1004218DD /* TitleSectionView.swift */ = {isa = PBXFileReference; lastKnownFileType = sourcecode.swift; path = TitleSectionView.swift; sourceTree = "<group>"; };
		902486522B50CAEC004218DD /* ValueSectionView.swift */ = {isa = PBXFileReference; lastKnownFileType = sourcecode.swift; path = ValueSectionView.swift; sourceTree = "<group>"; };
		902486542B50CC7D004218DD /* PanelItemView.swift */ = {isa = PBXFileReference; lastKnownFileType = sourcecode.swift; path = PanelItemView.swift; sourceTree = "<group>"; };
		902486562B50CEB4004218DD /* PanelViewModel.swift */ = {isa = PBXFileReference; lastKnownFileType = sourcecode.swift; path = PanelViewModel.swift; sourceTree = "<group>"; };
		902486582B50D0E3004218DD /* PanelView.swift */ = {isa = PBXFileReference; lastKnownFileType = sourcecode.swift; path = PanelView.swift; sourceTree = "<group>"; };
		9024865A2B50DC17004218DD /* SubtitleView.swift */ = {isa = PBXFileReference; lastKnownFileType = sourcecode.swift; path = SubtitleView.swift; sourceTree = "<group>"; };
		9030034F2B41C6950076DD41 /* Color+Palettes.swift */ = {isa = PBXFileReference; lastKnownFileType = sourcecode.swift; path = "Color+Palettes.swift"; sourceTree = "<group>"; };
		903003602B42070D0076DD41 /* MarketWatchViewModel.swift */ = {isa = PBXFileReference; lastKnownFileType = sourcecode.swift; path = MarketWatchViewModel.swift; sourceTree = "<group>"; };
		906EBB8E2B65770F00237B16 /* MarketCapState.swift */ = {isa = PBXFileReference; lastKnownFileType = sourcecode.swift; path = MarketCapState.swift; sourceTree = "<group>"; };
		906EBB902B65775900237B16 /* CellBackingState.swift */ = {isa = PBXFileReference; lastKnownFileType = sourcecode.swift; path = CellBackingState.swift; sourceTree = "<group>"; };
		906EBB922B657B5D00237B16 /* VolumeState.swift */ = {isa = PBXFileReference; lastKnownFileType = sourcecode.swift; path = VolumeState.swift; sourceTree = "<group>"; };
		906EBB942B657C1900237B16 /* PanelCell.swift */ = {isa = PBXFileReference; lastKnownFileType = sourcecode.swift; path = PanelCell.swift; sourceTree = "<group>"; };
		906EBB962B657CDC00237B16 /* CellTitle.swift */ = {isa = PBXFileReference; lastKnownFileType = sourcecode.swift; path = CellTitle.swift; sourceTree = "<group>"; };
		906EBB982B657E9200237B16 /* CellSubtitle.swift */ = {isa = PBXFileReference; lastKnownFileType = sourcecode.swift; path = CellSubtitle.swift; sourceTree = "<group>"; };
		906EBB9A2B65806000237B16 /* CellTitleSection.swift */ = {isa = PBXFileReference; lastKnownFileType = sourcecode.swift; path = CellTitleSection.swift; sourceTree = "<group>"; };
		906EBB9C2B65828900237B16 /* CellValueSection.swift */ = {isa = PBXFileReference; lastKnownFileType = sourcecode.swift; path = CellValueSection.swift; sourceTree = "<group>"; };
		906EBBA02B65CF0900237B16 /* CellState.swift */ = {isa = PBXFileReference; lastKnownFileType = sourcecode.swift; path = CellState.swift; sourceTree = "<group>"; };
		906EBBA22B66BFA100237B16 /* Panel.swift */ = {isa = PBXFileReference; lastKnownFileType = sourcecode.swift; path = Panel.swift; sourceTree = "<group>"; };
		9074A3FD2B4367A70061DBAF /* Api.swift */ = {isa = PBXFileReference; lastKnownFileType = sourcecode.swift; path = Api.swift; sourceTree = "<group>"; };
		9074A40A2B43718A0061DBAF /* MarketDataService.swift */ = {isa = PBXFileReference; lastKnownFileType = sourcecode.swift; path = MarketDataService.swift; sourceTree = "<group>"; };
		9074A40C2B4371FC0061DBAF /* MarketDataService+MarketCap.swift */ = {isa = PBXFileReference; lastKnownFileType = sourcecode.swift; path = "MarketDataService+MarketCap.swift"; sourceTree = "<group>"; };
		9074A4152B43895A0061DBAF /* Double+Extensions.swift */ = {isa = PBXFileReference; lastKnownFileType = sourcecode.swift; path = "Double+Extensions.swift"; sourceTree = "<group>"; };
		9074A42A2B4496720061DBAF /* QuoteResponse.swift */ = {isa = PBXFileReference; lastKnownFileType = sourcecode.swift; path = QuoteResponse.swift; sourceTree = "<group>"; };
		9088953D2B4881510031059A /* HomeViewModel.swift */ = {isa = PBXFileReference; lastKnownFileType = sourcecode.swift; path = HomeViewModel.swift; sourceTree = "<group>"; };
		9088953F2B4884AC0031059A /* RightSideMenuView.swift */ = {isa = PBXFileReference; lastKnownFileType = sourcecode.swift; path = RightSideMenuView.swift; sourceTree = "<group>"; };
		908B87152B45C73D007927CE /* GlobalMarketSnapshot.swift */ = {isa = PBXFileReference; lastKnownFileType = sourcecode.swift; path = GlobalMarketSnapshot.swift; sourceTree = "<group>"; };
		908B871B2B45CD1C007927CE /* Api+CoinMarketCap+GlobalMetrics.swift */ = {isa = PBXFileReference; lastKnownFileType = sourcecode.swift; path = "Api+CoinMarketCap+GlobalMetrics.swift"; sourceTree = "<group>"; };
		908B871D2B45D183007927CE /* TrendingResponse.swift */ = {isa = PBXFileReference; lastKnownFileType = sourcecode.swift; path = TrendingResponse.swift; sourceTree = "<group>"; };
		908B871F2B45D1FD007927CE /* Api+CoinGecko+Trending.swift */ = {isa = PBXFileReference; lastKnownFileType = sourcecode.swift; path = "Api+CoinGecko+Trending.swift"; sourceTree = "<group>"; };
		908B87212B45D8D7007927CE /* MarketDataService+Trending.swift */ = {isa = PBXFileReference; lastKnownFileType = sourcecode.swift; path = "MarketDataService+Trending.swift"; sourceTree = "<group>"; };
		908B87232B45D912007927CE /* TrendingSnapshot.swift */ = {isa = PBXFileReference; lastKnownFileType = sourcecode.swift; path = TrendingSnapshot.swift; sourceTree = "<group>"; };
		908B87272B45DF2A007927CE /* TrendingViewModel.swift */ = {isa = PBXFileReference; lastKnownFileType = sourcecode.swift; path = TrendingViewModel.swift; sourceTree = "<group>"; };
		909950F32B519E41000B269D /* HeaderViewModel.swift */ = {isa = PBXFileReference; lastKnownFileType = sourcecode.swift; path = HeaderViewModel.swift; sourceTree = "<group>"; };
		909950F52B51AECB000B269D /* CryptoCellViewModel.swift */ = {isa = PBXFileReference; lastKnownFileType = sourcecode.swift; path = CryptoCellViewModel.swift; sourceTree = "<group>"; };
		909950F82B51B70E000B269D /* DeltaSectionView.swift */ = {isa = PBXFileReference; lastKnownFileType = sourcecode.swift; path = DeltaSectionView.swift; sourceTree = "<group>"; };
		909950FA2B51BCE4000B269D /* PriceSectionView.swift */ = {isa = PBXFileReference; lastKnownFileType = sourcecode.swift; path = PriceSectionView.swift; sourceTree = "<group>"; };
		909950FC2B51BE7C000B269D /* CryptoCellView.swift */ = {isa = PBXFileReference; lastKnownFileType = sourcecode.swift; path = CryptoCellView.swift; sourceTree = "<group>"; };
		909950FE2B51BEBA000B269D /* SymbolSectionView.swift */ = {isa = PBXFileReference; lastKnownFileType = sourcecode.swift; path = SymbolSectionView.swift; sourceTree = "<group>"; };
		90B87E862B605E8200C0B4FB /* GenericPanelTitle.swift */ = {isa = PBXFileReference; lastKnownFileType = sourcecode.swift; path = GenericPanelTitle.swift; sourceTree = "<group>"; };
		90D0D5A32B40D94900406596 /* CryptoMarkets.app */ = {isa = PBXFileReference; explicitFileType = wrapper.application; includeInIndex = 0; path = CryptoMarkets.app; sourceTree = BUILT_PRODUCTS_DIR; };
		90D0D5A62B40D94900406596 /* CryptoMarketsApp.swift */ = {isa = PBXFileReference; lastKnownFileType = sourcecode.swift; path = CryptoMarketsApp.swift; sourceTree = "<group>"; };
		90D0D5AA2B40D94B00406596 /* Assets.xcassets */ = {isa = PBXFileReference; lastKnownFileType = folder.assetcatalog; path = Assets.xcassets; sourceTree = "<group>"; };
		90D0D5AD2B40D94B00406596 /* Preview Assets.xcassets */ = {isa = PBXFileReference; lastKnownFileType = folder.assetcatalog; path = "Preview Assets.xcassets"; sourceTree = "<group>"; };
		90D0D5B32B40D94C00406596 /* CryptoMarketsTests.xctest */ = {isa = PBXFileReference; explicitFileType = wrapper.cfbundle; includeInIndex = 0; path = CryptoMarketsTests.xctest; sourceTree = BUILT_PRODUCTS_DIR; };
		90D0D5B72B40D94C00406596 /* CryptoMarketsTests.swift */ = {isa = PBXFileReference; lastKnownFileType = sourcecode.swift; path = CryptoMarketsTests.swift; sourceTree = "<group>"; };
		90D0D5BD2B40D94C00406596 /* CryptoMarketsUITests.xctest */ = {isa = PBXFileReference; explicitFileType = wrapper.cfbundle; includeInIndex = 0; path = CryptoMarketsUITests.xctest; sourceTree = BUILT_PRODUCTS_DIR; };
		90D0D5C12B40D94C00406596 /* CryptoMarketsUITests.swift */ = {isa = PBXFileReference; lastKnownFileType = sourcecode.swift; path = CryptoMarketsUITests.swift; sourceTree = "<group>"; };
		90D0D5C32B40D94C00406596 /* CryptoMarketsUITestsLaunchTests.swift */ = {isa = PBXFileReference; lastKnownFileType = sourcecode.swift; path = CryptoMarketsUITestsLaunchTests.swift; sourceTree = "<group>"; };
		90D0D5DD2B40DDC700406596 /* MarketWatchView.swift */ = {isa = PBXFileReference; lastKnownFileType = sourcecode.swift; path = MarketWatchView.swift; sourceTree = "<group>"; };
		90D0D5E22B40E04500406596 /* HomeView.swift */ = {isa = PBXFileReference; lastKnownFileType = sourcecode.swift; path = HomeView.swift; sourceTree = "<group>"; };
		90D0D5E62B41178A00406596 /* CryptoMarketsView.swift */ = {isa = PBXFileReference; lastKnownFileType = sourcecode.swift; path = CryptoMarketsView.swift; sourceTree = "<group>"; };
		90D0D5EA2B41196600406596 /* WatchlistView.swift */ = {isa = PBXFileReference; lastKnownFileType = sourcecode.swift; path = WatchlistView.swift; sourceTree = "<group>"; };
		90D0D5EC2B4119EB00406596 /* AnalysisView.swift */ = {isa = PBXFileReference; lastKnownFileType = sourcecode.swift; path = AnalysisView.swift; sourceTree = "<group>"; };
		90D0D5F22B411B4D00406596 /* ProfileView.swift */ = {isa = PBXFileReference; lastKnownFileType = sourcecode.swift; path = ProfileView.swift; sourceTree = "<group>"; };
		90D0D5F72B411BE600406596 /* HeaderView.swift */ = {isa = PBXFileReference; lastKnownFileType = sourcecode.swift; path = HeaderView.swift; sourceTree = "<group>"; };
		90DC90E12B62D291008CD3B1 /* CoinGeckoApi.swift */ = {isa = PBXFileReference; lastKnownFileType = sourcecode.swift; path = CoinGeckoApi.swift; sourceTree = "<group>"; };
		90DC90E32B62D781008CD3B1 /* CoinMarketQuote.swift */ = {isa = PBXFileReference; lastKnownFileType = sourcecode.swift; path = CoinMarketQuote.swift; sourceTree = "<group>"; };
		90EEB8152B5EFA8D009E9813 /* CryptoSummary.swift */ = {isa = PBXFileReference; lastKnownFileType = sourcecode.swift; path = CryptoSummary.swift; sourceTree = "<group>"; };
		90EEB8172B5F0E1E009E9813 /* LargeCapState.swift */ = {isa = PBXFileReference; lastKnownFileType = sourcecode.swift; path = LargeCapState.swift; sourceTree = "<group>"; };
		90EEB8192B5F1339009E9813 /* MoversPanel.swift */ = {isa = PBXFileReference; lastKnownFileType = sourcecode.swift; path = MoversPanel.swift; sourceTree = "<group>"; };
		90F6E2C62B4329E20048E98A /* AppState.swift */ = {isa = PBXFileReference; lastKnownFileType = sourcecode.swift; path = AppState.swift; sourceTree = "<group>"; };
		90F6E2C82B432B4C0048E98A /* LeadingIndicatorsView.swift */ = {isa = PBXFileReference; lastKnownFileType = sourcecode.swift; path = LeadingIndicatorsView.swift; sourceTree = "<group>"; };
		90F6E2CA2B432BBC0048E98A /* LeadingIndicatorsViewModel.swift */ = {isa = PBXFileReference; lastKnownFileType = sourcecode.swift; path = LeadingIndicatorsViewModel.swift; sourceTree = "<group>"; };
		90F7C4782B543E0000F3B991 /* NetworkingError.swift */ = {isa = PBXFileReference; lastKnownFileType = sourcecode.swift; path = NetworkingError.swift; sourceTree = "<group>"; };
		90F7C47A2B549F8800F3B991 /* CoinResponse.swift */ = {isa = PBXFileReference; lastKnownFileType = sourcecode.swift; path = CoinResponse.swift; sourceTree = "<group>"; };
		90F7C47C2B54A2E400F3B991 /* Api+CoinGecko+Coins.swift */ = {isa = PBXFileReference; lastKnownFileType = sourcecode.swift; path = "Api+CoinGecko+Coins.swift"; sourceTree = "<group>"; };
		90F7C4B82B57537300F3B991 /* CoinDetailsView.swift */ = {isa = PBXFileReference; lastKnownFileType = sourcecode.swift; path = CoinDetailsView.swift; sourceTree = "<group>"; };
		90F7C4BA2B5753B100F3B991 /* CryptoDetailsViewModel.swift */ = {isa = PBXFileReference; lastKnownFileType = sourcecode.swift; path = CryptoDetailsViewModel.swift; sourceTree = "<group>"; };
		90F7C4BD2B5795CC00F3B991 /* CoinImagelView.swift */ = {isa = PBXFileReference; lastKnownFileType = sourcecode.swift; path = CoinImagelView.swift; sourceTree = "<group>"; };
		90F7C4BF2B58309800F3B991 /* CoinInfoView.swift */ = {isa = PBXFileReference; lastKnownFileType = sourcecode.swift; path = CoinInfoView.swift; sourceTree = "<group>"; };
		90F7C4C32B58331600F3B991 /* SummaryPanelView.swift */ = {isa = PBXFileReference; lastKnownFileType = sourcecode.swift; path = SummaryPanelView.swift; sourceTree = "<group>"; };
/* End PBXFileReference section */

/* Begin PBXFrameworksBuildPhase section */
		90D0D5A02B40D94900406596 /* Frameworks */ = {
			isa = PBXFrameworksBuildPhase;
			buildActionMask = 2147483647;
			files = (
			);
			runOnlyForDeploymentPostprocessing = 0;
		};
		90D0D5B02B40D94C00406596 /* Frameworks */ = {
			isa = PBXFrameworksBuildPhase;
			buildActionMask = 2147483647;
			files = (
			);
			runOnlyForDeploymentPostprocessing = 0;
		};
		90D0D5BA2B40D94C00406596 /* Frameworks */ = {
			isa = PBXFrameworksBuildPhase;
			buildActionMask = 2147483647;
			files = (
			);
			runOnlyForDeploymentPostprocessing = 0;
		};
/* End PBXFrameworksBuildPhase section */

/* Begin PBXGroup section */
		9004C09C2B5AF26A009CE1B3 /* VSAS */ = {
			isa = PBXGroup;
			children = (
				9004C0BF2B5B3A74009CE1B3 /* DTOs */,
				90D0D5D22B40DB1C00406596 /* App */,
				9004C0A02B5AF2AD009CE1B3 /* Features and Views */,
				9004C09F2B5AF2A2009CE1B3 /* State */,
				9004C09E2B5AF296009CE1B3 /* Actions */,
				9004C09D2B5AF284009CE1B3 /* Services */,
				9004C0B42B5AF96C009CE1B3 /* Protocols & Extensions */,
			);
			name = VSAS;
			sourceTree = "<group>";
		};
		9004C09D2B5AF284009CE1B3 /* Services */ = {
			isa = PBXGroup;
			children = (
				9074A3FD2B4367A70061DBAF /* Api.swift */,
				90DC90E12B62D291008CD3B1 /* CoinGeckoApi.swift */,
				9004C0BD2B5B39E7009CE1B3 /* CoinMarketApi.swift */,
			);
			name = Services;
			sourceTree = "<group>";
		};
		9004C09E2B5AF296009CE1B3 /* Actions */ = {
			isa = PBXGroup;
			children = (
				9004C0B52B5AFCB1009CE1B3 /* TabActions.swift */,
				9004C0C22B5B3D25009CE1B3 /* MarketWatchActions.swift */,
				9004C0CC2B5C1578009CE1B3 /* MarketCellActions.swift */,
			);
			name = Actions;
			sourceTree = "<group>";
		};
		9004C09F2B5AF2A2009CE1B3 /* State */ = {
			isa = PBXGroup;
			children = (
				90F6E2C62B4329E20048E98A /* AppState.swift */,
				9004C0BB2B5B2393009CE1B3 /* AppState+Header.swift */,
				9004C0C42B5B3F09009CE1B3 /* MarketState.swift */,
				9004C0D02B5C18D8009CE1B3 /* GenericPanelState.swift */,
				90EEB8172B5F0E1E009E9813 /* LargeCapState.swift */,
				906EBB8E2B65770F00237B16 /* MarketCapState.swift */,
				906EBB922B657B5D00237B16 /* VolumeState.swift */,
				906EBBA02B65CF0900237B16 /* CellState.swift */,
			);
			name = State;
			sourceTree = "<group>";
		};
		9004C0A02B5AF2AD009CE1B3 /* Features and Views */ = {
			isa = PBXGroup;
			children = (
				9004C0A32B5AF343009CE1B3 /* Shared Views */,
				9004C0A12B5AF303009CE1B3 /* Launch */,
				9004C0A22B5AF318009CE1B3 /* Market Snapshot */,
				9004C0A82B5AF55F009CE1B3 /* Crypto Currencies */,
				9004C0A92B5AF5B0009CE1B3 /* Watchlist */,
				9004C0AA2B5AF6F8009CE1B3 /* Intelligence */,
				9004C0AB2B5AF720009CE1B3 /* Profile */,
			);
			name = "Features and Views";
			sourceTree = "<group>";
		};
		9004C0A12B5AF303009CE1B3 /* Launch */ = {
			isa = PBXGroup;
			children = (
				9004C0A42B5AF36D009CE1B3 /* MainTab.swift */,
			);
			name = Launch;
			sourceTree = "<group>";
		};
		9004C0A22B5AF318009CE1B3 /* Market Snapshot */ = {
			isa = PBXGroup;
			children = (
				9004C0A62B5AF3EE009CE1B3 /* MarketWatch.swift */,
				9004C0C62B5C11E6009CE1B3 /* MarketPanel.swift */,
				9004C0C82B5C125E009CE1B3 /* GenericPanelCell.swift */,
				9004C0CA2B5C1339009CE1B3 /* GenericCellTitle.swift */,
				9004C0CE2B5C172C009CE1B3 /* GenericCellSubtitle.swift */,
				9004C0D22B5C2196009CE1B3 /* GenericTitleSection.swift */,
				9004C0D42B5C37FC009CE1B3 /* GenericValueSection.swift */,
				90EEB8192B5F1339009E9813 /* MoversPanel.swift */,
				90B87E862B605E8200C0B4FB /* GenericPanelTitle.swift */,
				906EBB942B657C1900237B16 /* PanelCell.swift */,
				906EBB962B657CDC00237B16 /* CellTitle.swift */,
				906EBB982B657E9200237B16 /* CellSubtitle.swift */,
				906EBB9A2B65806000237B16 /* CellTitleSection.swift */,
				906EBB9C2B65828900237B16 /* CellValueSection.swift */,
				906EBBA22B66BFA100237B16 /* Panel.swift */,
			);
			name = "Market Snapshot";
			sourceTree = "<group>";
		};
		9004C0A32B5AF343009CE1B3 /* Shared Views */ = {
			isa = PBXGroup;
			children = (
				9004C0B92B5B168A009CE1B3 /* Header.swift */,
			);
			name = "Shared Views";
			sourceTree = "<group>";
		};
		9004C0A82B5AF55F009CE1B3 /* Crypto Currencies */ = {
			isa = PBXGroup;
			children = (
				9004C0AC2B5AF7E2009CE1B3 /* CryptoCurrencies.swift */,
			);
			name = "Crypto Currencies";
			sourceTree = "<group>";
		};
		9004C0A92B5AF5B0009CE1B3 /* Watchlist */ = {
			isa = PBXGroup;
			children = (
				9004C0AE2B5AF86F009CE1B3 /* Watchlist.swift */,
			);
			name = Watchlist;
			sourceTree = "<group>";
		};
		9004C0AA2B5AF6F8009CE1B3 /* Intelligence */ = {
			isa = PBXGroup;
			children = (
				9004C0B02B5AF8B4009CE1B3 /* Intelligence.swift */,
			);
			name = Intelligence;
			sourceTree = "<group>";
		};
		9004C0AB2B5AF720009CE1B3 /* Profile */ = {
			isa = PBXGroup;
			children = (
				9004C0B22B5AF8DC009CE1B3 /* Profile.swift */,
			);
			name = Profile;
			sourceTree = "<group>";
		};
		9004C0B42B5AF96C009CE1B3 /* Protocols & Extensions */ = {
			isa = PBXGroup;
			children = (
				9004C0B72B5AFF99009CE1B3 /* Binding+Extensions.swift */,
				906EBB902B65775900237B16 /* CellBackingState.swift */,
			);
			name = "Protocols & Extensions";
			sourceTree = "<group>";
		};
		9004C0BF2B5B3A74009CE1B3 /* DTOs */ = {
			isa = PBXGroup;
			children = (
				9004C0C02B5B3ABC009CE1B3 /* Quote.swift */,
				90EEB8152B5EFA8D009E9813 /* CryptoSummary.swift */,
				90DC90E32B62D781008CD3B1 /* CoinMarketQuote.swift */,
			);
			name = DTOs;
			sourceTree = "<group>";
		};
		9024864B2B50C5C9004218DD /* Panel Views */ = {
			isa = PBXGroup;
			children = (
				9024864E2B50C799004218DD /* TitleView.swift */,
				9024865A2B50DC17004218DD /* SubtitleView.swift */,
				902486502B50C9B1004218DD /* TitleSectionView.swift */,
				902486522B50CAEC004218DD /* ValueSectionView.swift */,
				902486542B50CC7D004218DD /* PanelItemView.swift */,
				902486582B50D0E3004218DD /* PanelView.swift */,
			);
			name = "Panel Views";
			sourceTree = "<group>";
		};
		903003692B420D240076DD41 /* Just-in-Time Onboarding */ = {
			isa = PBXGroup;
			children = (
			);
			name = "Just-in-Time Onboarding";
			sourceTree = "<group>";
		};
		9074A4012B4369120061DBAF /* Response DAOs */ = {
			isa = PBXGroup;
			children = (
				9074A42A2B4496720061DBAF /* QuoteResponse.swift */,
				1478B7812B44C0D900FBE7F6 /* CoinsMarketsResponse.swift */,
				908B87182B45CC07007927CE /* CoinGecko Endpoints */,
				908B87172B45CBEF007927CE /* CoinMarketCap Endpoints */,
			);
			name = "Response DAOs";
			sourceTree = "<group>";
		};
		9074A40E2B43728F0061DBAF /* Data Models */ = {
			isa = PBXGroup;
			children = (
				908B87152B45C73D007927CE /* GlobalMarketSnapshot.swift */,
				908B87232B45D912007927CE /* TrendingSnapshot.swift */,
				901F476E2B47768500C49C64 /* MarketItem.swift */,
			);
			name = "Data Models";
			sourceTree = "<group>";
		};
		908B87172B45CBEF007927CE /* CoinMarketCap Endpoints */ = {
			isa = PBXGroup;
			children = (
				901F47682B4723A600C49C64 /* MarketItemResponse.swift */,
			);
			name = "CoinMarketCap Endpoints";
			sourceTree = "<group>";
		};
		908B87182B45CC07007927CE /* CoinGecko Endpoints */ = {
			isa = PBXGroup;
			children = (
				908B871D2B45D183007927CE /* TrendingResponse.swift */,
				90F7C47A2B549F8800F3B991 /* CoinResponse.swift */,
			);
			name = "CoinGecko Endpoints";
			sourceTree = "<group>";
		};
		908B87192B45CC21007927CE /* CoinMarketCap API */ = {
			isa = PBXGroup;
			children = (
				908B871B2B45CD1C007927CE /* Api+CoinMarketCap+GlobalMetrics.swift */,
			);
			name = "CoinMarketCap API";
			sourceTree = "<group>";
		};
		908B871A2B45CC30007927CE /* Coin Gecko API */ = {
			isa = PBXGroup;
			children = (
				901F476A2B47251F00C49C64 /* Api+CoinGecko+Markets.swift */,
				908B871F2B45D1FD007927CE /* Api+CoinGecko+Trending.swift */,
				90F7C47C2B54A2E400F3B991 /* Api+CoinGecko+Coins.swift */,
			);
			name = "Coin Gecko API";
			sourceTree = "<group>";
		};
		909950F72B51B6C5000B269D /* Crypto Cell Views */ = {
			isa = PBXGroup;
			children = (
				909950F82B51B70E000B269D /* DeltaSectionView.swift */,
				909950FA2B51BCE4000B269D /* PriceSectionView.swift */,
				909950FC2B51BE7C000B269D /* CryptoCellView.swift */,
				909950FE2B51BEBA000B269D /* SymbolSectionView.swift */,
			);
			name = "Crypto Cell Views";
			sourceTree = "<group>";
		};
		90D0D59A2B40D94900406596 = {
			isa = PBXGroup;
			children = (
				90D0D5A52B40D94900406596 /* CryptoMarkets */,
				90D0D5B62B40D94C00406596 /* CryptoMarketsTests */,
				90D0D5C02B40D94C00406596 /* CryptoMarketsUITests */,
				90D0D5A42B40D94900406596 /* Products */,
			);
			sourceTree = "<group>";
		};
		90D0D5A42B40D94900406596 /* Products */ = {
			isa = PBXGroup;
			children = (
				90D0D5A32B40D94900406596 /* CryptoMarkets.app */,
				90D0D5B32B40D94C00406596 /* CryptoMarketsTests.xctest */,
				90D0D5BD2B40D94C00406596 /* CryptoMarketsUITests.xctest */,
			);
			name = Products;
			sourceTree = "<group>";
		};
		90D0D5A52B40D94900406596 /* CryptoMarkets */ = {
			isa = PBXGroup;
			children = (
				9004C09C2B5AF26A009CE1B3 /* VSAS */,
				90D0D5E12B40DDE900406596 /* Data Models */,
				90D0D5D52B40DBD700406596 /* Networking Services */,
				90D0D5D42B40DBC200406596 /* Application Services */,
				90D0D5D32B40DBA200406596 /* Utilities & Extensions */,
				90D0D5F42B411BB600406596 /* Shared */,
				90D0D5D12B40DAD200406596 /* Features */,
				90D0D5AC2B40D94B00406596 /* Preview Content */,
			);
			path = CryptoMarkets;
			sourceTree = "<group>";
		};
		90D0D5AC2B40D94B00406596 /* Preview Content */ = {
			isa = PBXGroup;
			children = (
				90D0D5AD2B40D94B00406596 /* Preview Assets.xcassets */,
			);
			path = "Preview Content";
			sourceTree = "<group>";
		};
		90D0D5B62B40D94C00406596 /* CryptoMarketsTests */ = {
			isa = PBXGroup;
			children = (
				90D0D5B72B40D94C00406596 /* CryptoMarketsTests.swift */,
			);
			path = CryptoMarketsTests;
			sourceTree = "<group>";
		};
		90D0D5C02B40D94C00406596 /* CryptoMarketsUITests */ = {
			isa = PBXGroup;
			children = (
				90D0D5C12B40D94C00406596 /* CryptoMarketsUITests.swift */,
				90D0D5C32B40D94C00406596 /* CryptoMarketsUITestsLaunchTests.swift */,
			);
			path = CryptoMarketsUITests;
			sourceTree = "<group>";
		};
		90D0D5D12B40DAD200406596 /* Features */ = {
			isa = PBXGroup;
			children = (
				903003692B420D240076DD41 /* Just-in-Time Onboarding */,
				90D0D5DC2B40DD7500406596 /* Three Dot */,
				90D0D5DA2B40DD4E00406596 /* Profile */,
				90D0D5D92B40DD2500406596 /* Watchlist */,
				90D0D5D82B40DC6F00406596 /* Analysis */,
				90D0D5D72B40DC2100406596 /* Markets */,
				90D0D5D62B40DBF200406596 /* Home */,
			);
			name = Features;
			sourceTree = "<group>";
		};
		90D0D5D22B40DB1C00406596 /* App */ = {
			isa = PBXGroup;
			children = (
				90D0D5A62B40D94900406596 /* CryptoMarketsApp.swift */,
				90D0D5AA2B40D94B00406596 /* Assets.xcassets */,
			);
			name = App;
			sourceTree = "<group>";
		};
		90D0D5D32B40DBA200406596 /* Utilities & Extensions */ = {
			isa = PBXGroup;
			children = (
				9030034F2B41C6950076DD41 /* Color+Palettes.swift */,
				9074A4152B43895A0061DBAF /* Double+Extensions.swift */,
				901F47722B47A52800C49C64 /* Array+Extensions.swift */,
			);
			name = "Utilities & Extensions";
			sourceTree = "<group>";
		};
		90D0D5D42B40DBC200406596 /* Application Services */ = {
			isa = PBXGroup;
			children = (
				9074A40A2B43718A0061DBAF /* MarketDataService.swift */,
				9074A40C2B4371FC0061DBAF /* MarketDataService+MarketCap.swift */,
				14DBBB682B45CDBD001A7321 /* MarketDataService+CoinsMarkets.swift */,
				908B87212B45D8D7007927CE /* MarketDataService+Trending.swift */,
				901F476C2B47765200C49C64 /* MarketDataService+Movers.swift */,
			);
			name = "Application Services";
			sourceTree = "<group>";
		};
		90D0D5D52B40DBD700406596 /* Networking Services */ = {
			isa = PBXGroup;
			children = (
				908B871A2B45CC30007927CE /* Coin Gecko API */,
				908B87192B45CC21007927CE /* CoinMarketCap API */,
				90F7C4782B543E0000F3B991 /* NetworkingError.swift */,
			);
			name = "Networking Services";
			sourceTree = "<group>";
		};
		90D0D5D62B40DBF200406596 /* Home */ = {
			isa = PBXGroup;
			children = (
				90D0D5E02B40DDD700406596 /* ViewModels */,
				90D0D5DF2B40DDCD00406596 /* Views */,
			);
			name = Home;
			sourceTree = "<group>";
		};
		90D0D5D72B40DC2100406596 /* Markets */ = {
			isa = PBXGroup;
			children = (
				90D0D5E52B41176F00406596 /* View Models */,
				90D0D5E42B41176600406596 /* Views */,
			);
			name = Markets;
			sourceTree = "<group>";
		};
		90D0D5D82B40DC6F00406596 /* Analysis */ = {
			isa = PBXGroup;
			children = (
				90D0D5EF2B411A0200406596 /* View Models */,
				90D0D5EE2B4119FB00406596 /* Views */,
			);
			name = Analysis;
			sourceTree = "<group>";
		};
		90D0D5D92B40DD2500406596 /* Watchlist */ = {
			isa = PBXGroup;
			children = (
				90D0D5E92B41193E00406596 /* ViewModels */,
				90D0D5E82B41193100406596 /* Views */,
			);
			name = Watchlist;
			sourceTree = "<group>";
		};
		90D0D5DA2B40DD4E00406596 /* Profile */ = {
			isa = PBXGroup;
			children = (
				90D0D5F12B411B3300406596 /* View Models */,
				90D0D5F02B411B2A00406596 /* Views */,
			);
			name = Profile;
			sourceTree = "<group>";
		};
		90D0D5DC2B40DD7500406596 /* Three Dot */ = {
			isa = PBXGroup;
			children = (
				9088953F2B4884AC0031059A /* RightSideMenuView.swift */,
			);
			name = "Three Dot";
			sourceTree = "<group>";
		};
		90D0D5DF2B40DDCD00406596 /* Views */ = {
			isa = PBXGroup;
			children = (
				90D0D5DD2B40DDC700406596 /* MarketWatchView.swift */,
				90D0D5E22B40E04500406596 /* HomeView.swift */,
				90F6E2C82B432B4C0048E98A /* LeadingIndicatorsView.swift */,
			);
			name = Views;
			sourceTree = "<group>";
		};
		90D0D5E02B40DDD700406596 /* ViewModels */ = {
			isa = PBXGroup;
			children = (
				903003602B42070D0076DD41 /* MarketWatchViewModel.swift */,
				90F6E2CA2B432BBC0048E98A /* LeadingIndicatorsViewModel.swift */,
				908B87272B45DF2A007927CE /* TrendingViewModel.swift */,
				9088953D2B4881510031059A /* HomeViewModel.swift */,
			);
			name = ViewModels;
			sourceTree = "<group>";
		};
		90D0D5E12B40DDE900406596 /* Data Models */ = {
			isa = PBXGroup;
			children = (
				9074A40E2B43728F0061DBAF /* Data Models */,
				9074A4012B4369120061DBAF /* Response DAOs */,
			);
			name = "Data Models";
			sourceTree = "<group>";
		};
		90D0D5E42B41176600406596 /* Views */ = {
			isa = PBXGroup;
			children = (
				90F7C4BC2B57959800F3B991 /* Crypto Detail Views */,
				909950F72B51B6C5000B269D /* Crypto Cell Views */,
				90D0D5E62B41178A00406596 /* CryptoMarketsView.swift */,
			);
			name = Views;
			sourceTree = "<group>";
		};
		90D0D5E52B41176F00406596 /* View Models */ = {
			isa = PBXGroup;
			children = (
				14DBBBC52B4869A9001A7321 /* CryptoMarketsViewModel.swift */,
				14DBBBC92B486F35001A7321 /* CoinMarketLineItemViewModel.swift */,
				909950F52B51AECB000B269D /* CryptoCellViewModel.swift */,
				90F7C4BA2B5753B100F3B991 /* CryptoDetailsViewModel.swift */,
			);
			name = "View Models";
			sourceTree = "<group>";
		};
		90D0D5E82B41193100406596 /* Views */ = {
			isa = PBXGroup;
			children = (
				90D0D5EA2B41196600406596 /* WatchlistView.swift */,
			);
			name = Views;
			sourceTree = "<group>";
		};
		90D0D5E92B41193E00406596 /* ViewModels */ = {
			isa = PBXGroup;
			children = (
			);
			name = ViewModels;
			sourceTree = "<group>";
		};
		90D0D5EE2B4119FB00406596 /* Views */ = {
			isa = PBXGroup;
			children = (
				90D0D5EC2B4119EB00406596 /* AnalysisView.swift */,
			);
			name = Views;
			sourceTree = "<group>";
		};
		90D0D5EF2B411A0200406596 /* View Models */ = {
			isa = PBXGroup;
			children = (
			);
			name = "View Models";
			sourceTree = "<group>";
		};
		90D0D5F02B411B2A00406596 /* Views */ = {
			isa = PBXGroup;
			children = (
				90D0D5F22B411B4D00406596 /* ProfileView.swift */,
			);
			name = Views;
			sourceTree = "<group>";
		};
		90D0D5F12B411B3300406596 /* View Models */ = {
			isa = PBXGroup;
			children = (
			);
			name = "View Models";
			sourceTree = "<group>";
		};
		90D0D5F42B411BB600406596 /* Shared */ = {
			isa = PBXGroup;
			children = (
				90D0D5F62B411BCA00406596 /* View Models */,
				90D0D5F52B411BC200406596 /* Views */,
			);
			name = Shared;
			sourceTree = "<group>";
		};
		90D0D5F52B411BC200406596 /* Views */ = {
			isa = PBXGroup;
			children = (
				9024864B2B50C5C9004218DD /* Panel Views */,
				90D0D5F72B411BE600406596 /* HeaderView.swift */,
			);
			name = Views;
			sourceTree = "<group>";
		};
		90D0D5F62B411BCA00406596 /* View Models */ = {
			isa = PBXGroup;
			children = (
				9024864C2B50C60F004218DD /* PanelItemViewModel.swift */,
				902486562B50CEB4004218DD /* PanelViewModel.swift */,
				909950F32B519E41000B269D /* HeaderViewModel.swift */,
			);
			name = "View Models";
			sourceTree = "<group>";
		};
		90F7C4BC2B57959800F3B991 /* Crypto Detail Views */ = {
			isa = PBXGroup;
			children = (
				90F7C4B82B57537300F3B991 /* CoinDetailsView.swift */,
				90F7C4BD2B5795CC00F3B991 /* CoinImagelView.swift */,
				90F7C4BF2B58309800F3B991 /* CoinInfoView.swift */,
				90F7C4C32B58331600F3B991 /* SummaryPanelView.swift */,
				9004C0992B5AB28D009CE1B3 /* OverviewPanelView.swift */,
			);
			name = "Crypto Detail Views";
			sourceTree = "<group>";
		};
/* End PBXGroup section */

/* Begin PBXNativeTarget section */
		90D0D5A22B40D94900406596 /* CryptoMarkets */ = {
			isa = PBXNativeTarget;
			buildConfigurationList = 90D0D5C72B40D94C00406596 /* Build configuration list for PBXNativeTarget "CryptoMarkets" */;
			buildPhases = (
				90D0D59F2B40D94900406596 /* Sources */,
				90D0D5A02B40D94900406596 /* Frameworks */,
				90D0D5A12B40D94900406596 /* Resources */,
			);
			buildRules = (
			);
			dependencies = (
			);
			name = CryptoMarkets;
			productName = CryptoMarkets;
			productReference = 90D0D5A32B40D94900406596 /* CryptoMarkets.app */;
			productType = "com.apple.product-type.application";
		};
		90D0D5B22B40D94C00406596 /* CryptoMarketsTests */ = {
			isa = PBXNativeTarget;
			buildConfigurationList = 90D0D5CA2B40D94C00406596 /* Build configuration list for PBXNativeTarget "CryptoMarketsTests" */;
			buildPhases = (
				90D0D5AF2B40D94C00406596 /* Sources */,
				90D0D5B02B40D94C00406596 /* Frameworks */,
				90D0D5B12B40D94C00406596 /* Resources */,
			);
			buildRules = (
			);
			dependencies = (
				90D0D5B52B40D94C00406596 /* PBXTargetDependency */,
			);
			name = CryptoMarketsTests;
			productName = CryptoMarketsTests;
			productReference = 90D0D5B32B40D94C00406596 /* CryptoMarketsTests.xctest */;
			productType = "com.apple.product-type.bundle.unit-test";
		};
		90D0D5BC2B40D94C00406596 /* CryptoMarketsUITests */ = {
			isa = PBXNativeTarget;
			buildConfigurationList = 90D0D5CD2B40D94C00406596 /* Build configuration list for PBXNativeTarget "CryptoMarketsUITests" */;
			buildPhases = (
				90D0D5B92B40D94C00406596 /* Sources */,
				90D0D5BA2B40D94C00406596 /* Frameworks */,
				90D0D5BB2B40D94C00406596 /* Resources */,
			);
			buildRules = (
			);
			dependencies = (
				90D0D5BF2B40D94C00406596 /* PBXTargetDependency */,
			);
			name = CryptoMarketsUITests;
			productName = CryptoMarketsUITests;
			productReference = 90D0D5BD2B40D94C00406596 /* CryptoMarketsUITests.xctest */;
			productType = "com.apple.product-type.bundle.ui-testing";
		};
/* End PBXNativeTarget section */

/* Begin PBXProject section */
		90D0D59B2B40D94900406596 /* Project object */ = {
			isa = PBXProject;
			attributes = {
				BuildIndependentTargetsInParallel = 1;
				LastSwiftUpdateCheck = 1510;
				LastUpgradeCheck = 1510;
				TargetAttributes = {
					90D0D5A22B40D94900406596 = {
						CreatedOnToolsVersion = 15.1;
					};
					90D0D5B22B40D94C00406596 = {
						CreatedOnToolsVersion = 15.1;
						TestTargetID = 90D0D5A22B40D94900406596;
					};
					90D0D5BC2B40D94C00406596 = {
						CreatedOnToolsVersion = 15.1;
						TestTargetID = 90D0D5A22B40D94900406596;
					};
				};
			};
			buildConfigurationList = 90D0D59E2B40D94900406596 /* Build configuration list for PBXProject "CryptoMarkets" */;
			compatibilityVersion = "Xcode 14.0";
			developmentRegion = en;
			hasScannedForEncodings = 0;
			knownRegions = (
				en,
				Base,
			);
			mainGroup = 90D0D59A2B40D94900406596;
			productRefGroup = 90D0D5A42B40D94900406596 /* Products */;
			projectDirPath = "";
			projectRoot = "";
			targets = (
				90D0D5A22B40D94900406596 /* CryptoMarkets */,
				90D0D5B22B40D94C00406596 /* CryptoMarketsTests */,
				90D0D5BC2B40D94C00406596 /* CryptoMarketsUITests */,
			);
		};
/* End PBXProject section */

/* Begin PBXResourcesBuildPhase section */
		90D0D5A12B40D94900406596 /* Resources */ = {
			isa = PBXResourcesBuildPhase;
			buildActionMask = 2147483647;
			files = (
				90D0D5AE2B40D94B00406596 /* Preview Assets.xcassets in Resources */,
				90D0D5AB2B40D94B00406596 /* Assets.xcassets in Resources */,
			);
			runOnlyForDeploymentPostprocessing = 0;
		};
		90D0D5B12B40D94C00406596 /* Resources */ = {
			isa = PBXResourcesBuildPhase;
			buildActionMask = 2147483647;
			files = (
			);
			runOnlyForDeploymentPostprocessing = 0;
		};
		90D0D5BB2B40D94C00406596 /* Resources */ = {
			isa = PBXResourcesBuildPhase;
			buildActionMask = 2147483647;
			files = (
			);
			runOnlyForDeploymentPostprocessing = 0;
		};
/* End PBXResourcesBuildPhase section */

/* Begin PBXSourcesBuildPhase section */
		90D0D59F2B40D94900406596 /* Sources */ = {
			isa = PBXSourcesBuildPhase;
			buildActionMask = 2147483647;
			files = (
				9004C0B12B5AF8B4009CE1B3 /* Intelligence.swift in Sources */,
				906EBB912B65775900237B16 /* CellBackingState.swift in Sources */,
				9004C0C92B5C125E009CE1B3 /* GenericPanelCell.swift in Sources */,
				9074A40D2B4371FC0061DBAF /* MarketDataService+MarketCap.swift in Sources */,
				9004C0A52B5AF36D009CE1B3 /* MainTab.swift in Sources */,
				909950FB2B51BCE4000B269D /* PriceSectionView.swift in Sources */,
				9004C0B82B5AFF99009CE1B3 /* Binding+Extensions.swift in Sources */,
				901F476B2B47251F00C49C64 /* Api+CoinGecko+Markets.swift in Sources */,
				906EBBA32B66BFA100237B16 /* Panel.swift in Sources */,
				906EBB972B657CDC00237B16 /* CellTitle.swift in Sources */,
				90F7C4C42B58331600F3B991 /* SummaryPanelView.swift in Sources */,
				909950F92B51B70E000B269D /* DeltaSectionView.swift in Sources */,
				9004C0BA2B5B168A009CE1B3 /* Header.swift in Sources */,
				906EBB932B657B5D00237B16 /* VolumeState.swift in Sources */,
				9004C0C52B5B3F09009CE1B3 /* MarketState.swift in Sources */,
				9004C0C72B5C11E6009CE1B3 /* MarketPanel.swift in Sources */,
				906EBB952B657C1900237B16 /* PanelCell.swift in Sources */,
				902486552B50CC7D004218DD /* PanelItemView.swift in Sources */,
				9004C0CF2B5C172C009CE1B3 /* GenericCellSubtitle.swift in Sources */,
				90DC90E42B62D782008CD3B1 /* CoinMarketQuote.swift in Sources */,
				90EEB8182B5F0E1E009E9813 /* LargeCapState.swift in Sources */,
				908B871C2B45CD1C007927CE /* Api+CoinMarketCap+GlobalMetrics.swift in Sources */,
				90F7C4B92B57537300F3B991 /* CoinDetailsView.swift in Sources */,
				90D0D5F32B411B4D00406596 /* ProfileView.swift in Sources */,
				903003502B41C6950076DD41 /* Color+Palettes.swift in Sources */,
				90B87E872B605E8200C0B4FB /* GenericPanelTitle.swift in Sources */,
				9004C0AD2B5AF7E2009CE1B3 /* CryptoCurrencies.swift in Sources */,
				9004C0B62B5AFCB1009CE1B3 /* TabActions.swift in Sources */,
				909950F42B519E41000B269D /* HeaderViewModel.swift in Sources */,
				9004C0D52B5C37FC009CE1B3 /* GenericValueSection.swift in Sources */,
				9074A40B2B43718A0061DBAF /* MarketDataService.swift in Sources */,
				902486532B50CAEC004218DD /* ValueSectionView.swift in Sources */,
				9004C0B32B5AF8DC009CE1B3 /* Profile.swift in Sources */,
				1478B7822B44C0D900FBE7F6 /* CoinsMarketsResponse.swift in Sources */,
				90D0D5F82B411BE600406596 /* HeaderView.swift in Sources */,
				9004C0D12B5C18D8009CE1B3 /* GenericPanelState.swift in Sources */,
				9074A42B2B4496720061DBAF /* QuoteResponse.swift in Sources */,
				90DC90E22B62D291008CD3B1 /* CoinGeckoApi.swift in Sources */,
				9004C0A72B5AF3EE009CE1B3 /* MarketWatch.swift in Sources */,
				9074A3FE2B4367A80061DBAF /* Api.swift in Sources */,
				902486592B50D0E3004218DD /* PanelView.swift in Sources */,
				908B87282B45DF2A007927CE /* TrendingViewModel.swift in Sources */,
				90F7C4792B543E0000F3B991 /* NetworkingError.swift in Sources */,
				9004C0CD2B5C1578009CE1B3 /* MarketCellActions.swift in Sources */,
				906EBBA12B65CF0900237B16 /* CellState.swift in Sources */,
				909950FF2B51BEBA000B269D /* SymbolSectionView.swift in Sources */,
				90D0D5E32B40E04500406596 /* HomeView.swift in Sources */,
				14DBBBC62B4869A9001A7321 /* CryptoMarketsViewModel.swift in Sources */,
				906EBB9B2B65806000237B16 /* CellTitleSection.swift in Sources */,
				90F7C47D2B54A2E400F3B991 /* Api+CoinGecko+Coins.swift in Sources */,
				90F7C47B2B549F8800F3B991 /* CoinResponse.swift in Sources */,
				9004C09A2B5AB28D009CE1B3 /* OverviewPanelView.swift in Sources */,
				9004C0BC2B5B2393009CE1B3 /* AppState+Header.swift in Sources */,
				9004C0BE2B5B39E7009CE1B3 /* CoinMarketApi.swift in Sources */,
				90F6E2CB2B432BBC0048E98A /* LeadingIndicatorsViewModel.swift in Sources */,
				90F6E2C72B4329E20048E98A /* AppState.swift in Sources */,
				908B87202B45D1FD007927CE /* Api+CoinGecko+Trending.swift in Sources */,
				902486572B50CEB4004218DD /* PanelViewModel.swift in Sources */,
				90EEB81A2B5F1339009E9813 /* MoversPanel.swift in Sources */,
				90D0D5EB2B41196600406596 /* WatchlistView.swift in Sources */,
				9004C0CB2B5C1339009CE1B3 /* GenericCellTitle.swift in Sources */,
				90F7C4BB2B5753B100F3B991 /* CryptoDetailsViewModel.swift in Sources */,
				9004C0C12B5B3ABC009CE1B3 /* Quote.swift in Sources */,
				9088953E2B4881510031059A /* HomeViewModel.swift in Sources */,
				909950F62B51AECB000B269D /* CryptoCellViewModel.swift in Sources */,
				90EEB8162B5EFA8D009E9813 /* CryptoSummary.swift in Sources */,
				14DBBB692B45CDBD001A7321 /* MarketDataService+CoinsMarkets.swift in Sources */,
				901F476D2B47765200C49C64 /* MarketDataService+Movers.swift in Sources */,
				9004C0C32B5B3D25009CE1B3 /* MarketWatchActions.swift in Sources */,
				9024864D2B50C60F004218DD /* PanelItemViewModel.swift in Sources */,
				9004C0D32B5C2196009CE1B3 /* GenericTitleSection.swift in Sources */,
				902486512B50C9B1004218DD /* TitleSectionView.swift in Sources */,
				90F7C4C02B58309800F3B991 /* CoinInfoView.swift in Sources */,
				90F7C4BE2B5795CC00F3B991 /* CoinImagelView.swift in Sources */,
				908B87242B45D912007927CE /* TrendingSnapshot.swift in Sources */,
				9074A4162B43895A0061DBAF /* Double+Extensions.swift in Sources */,
				901F47692B4723A600C49C64 /* MarketItemResponse.swift in Sources */,
				90D0D5DE2B40DDC700406596 /* MarketWatchView.swift in Sources */,
				90D0D5E72B41178A00406596 /* CryptoMarketsView.swift in Sources */,
				9024865B2B50DC17004218DD /* SubtitleView.swift in Sources */,
				903003612B42070D0076DD41 /* MarketWatchViewModel.swift in Sources */,
				906EBB992B657E9200237B16 /* CellSubtitle.swift in Sources */,
				908B87162B45C73D007927CE /* GlobalMarketSnapshot.swift in Sources */,
				901F476F2B47768500C49C64 /* MarketItem.swift in Sources */,
				908B871E2B45D183007927CE /* TrendingResponse.swift in Sources */,
				906EBB9D2B65828900237B16 /* CellValueSection.swift in Sources */,
				90D0D5A72B40D94900406596 /* CryptoMarketsApp.swift in Sources */,
				14DBBBCA2B486F35001A7321 /* CoinMarketLineItemViewModel.swift in Sources */,
				909950FD2B51BE7C000B269D /* CryptoCellView.swift in Sources */,
				906EBB8F2B65770F00237B16 /* MarketCapState.swift in Sources */,
				90F6E2C92B432B4C0048E98A /* LeadingIndicatorsView.swift in Sources */,
				90D0D5ED2B4119EB00406596 /* AnalysisView.swift in Sources */,
				908B87222B45D8D7007927CE /* MarketDataService+Trending.swift in Sources */,
				901F47732B47A52800C49C64 /* Array+Extensions.swift in Sources */,
				908895402B4884AC0031059A /* RightSideMenuView.swift in Sources */,
				9024864F2B50C799004218DD /* TitleView.swift in Sources */,
				9004C0AF2B5AF86F009CE1B3 /* Watchlist.swift in Sources */,
			);
			runOnlyForDeploymentPostprocessing = 0;
		};
		90D0D5AF2B40D94C00406596 /* Sources */ = {
			isa = PBXSourcesBuildPhase;
			buildActionMask = 2147483647;
			files = (
				90D0D5B82B40D94C00406596 /* CryptoMarketsTests.swift in Sources */,
			);
			runOnlyForDeploymentPostprocessing = 0;
		};
		90D0D5B92B40D94C00406596 /* Sources */ = {
			isa = PBXSourcesBuildPhase;
			buildActionMask = 2147483647;
			files = (
				90D0D5C22B40D94C00406596 /* CryptoMarketsUITests.swift in Sources */,
				90D0D5C42B40D94C00406596 /* CryptoMarketsUITestsLaunchTests.swift in Sources */,
			);
			runOnlyForDeploymentPostprocessing = 0;
		};
/* End PBXSourcesBuildPhase section */

/* Begin PBXTargetDependency section */
		90D0D5B52B40D94C00406596 /* PBXTargetDependency */ = {
			isa = PBXTargetDependency;
			target = 90D0D5A22B40D94900406596 /* CryptoMarkets */;
			targetProxy = 90D0D5B42B40D94C00406596 /* PBXContainerItemProxy */;
		};
		90D0D5BF2B40D94C00406596 /* PBXTargetDependency */ = {
			isa = PBXTargetDependency;
			target = 90D0D5A22B40D94900406596 /* CryptoMarkets */;
			targetProxy = 90D0D5BE2B40D94C00406596 /* PBXContainerItemProxy */;
		};
/* End PBXTargetDependency section */

/* Begin XCBuildConfiguration section */
		90D0D5C52B40D94C00406596 /* Debug */ = {
			isa = XCBuildConfiguration;
			buildSettings = {
				ALWAYS_SEARCH_USER_PATHS = NO;
				ASSETCATALOG_COMPILER_GENERATE_SWIFT_ASSET_SYMBOL_EXTENSIONS = YES;
				CLANG_ANALYZER_NONNULL = YES;
				CLANG_ANALYZER_NUMBER_OBJECT_CONVERSION = YES_AGGRESSIVE;
				CLANG_CXX_LANGUAGE_STANDARD = "gnu++20";
				CLANG_ENABLE_MODULES = YES;
				CLANG_ENABLE_OBJC_ARC = YES;
				CLANG_ENABLE_OBJC_WEAK = YES;
				CLANG_WARN_BLOCK_CAPTURE_AUTORELEASING = YES;
				CLANG_WARN_BOOL_CONVERSION = YES;
				CLANG_WARN_COMMA = YES;
				CLANG_WARN_CONSTANT_CONVERSION = YES;
				CLANG_WARN_DEPRECATED_OBJC_IMPLEMENTATIONS = YES;
				CLANG_WARN_DIRECT_OBJC_ISA_USAGE = YES_ERROR;
				CLANG_WARN_DOCUMENTATION_COMMENTS = YES;
				CLANG_WARN_EMPTY_BODY = YES;
				CLANG_WARN_ENUM_CONVERSION = YES;
				CLANG_WARN_INFINITE_RECURSION = YES;
				CLANG_WARN_INT_CONVERSION = YES;
				CLANG_WARN_NON_LITERAL_NULL_CONVERSION = YES;
				CLANG_WARN_OBJC_IMPLICIT_RETAIN_SELF = YES;
				CLANG_WARN_OBJC_LITERAL_CONVERSION = YES;
				CLANG_WARN_OBJC_ROOT_CLASS = YES_ERROR;
				CLANG_WARN_QUOTED_INCLUDE_IN_FRAMEWORK_HEADER = YES;
				CLANG_WARN_RANGE_LOOP_ANALYSIS = YES;
				CLANG_WARN_STRICT_PROTOTYPES = YES;
				CLANG_WARN_SUSPICIOUS_MOVE = YES;
				CLANG_WARN_UNGUARDED_AVAILABILITY = YES_AGGRESSIVE;
				CLANG_WARN_UNREACHABLE_CODE = YES;
				CLANG_WARN__DUPLICATE_METHOD_MATCH = YES;
				COPY_PHASE_STRIP = NO;
				DEBUG_INFORMATION_FORMAT = dwarf;
				ENABLE_STRICT_OBJC_MSGSEND = YES;
				ENABLE_TESTABILITY = YES;
				ENABLE_USER_SCRIPT_SANDBOXING = YES;
				GCC_C_LANGUAGE_STANDARD = gnu17;
				GCC_DYNAMIC_NO_PIC = NO;
				GCC_NO_COMMON_BLOCKS = YES;
				GCC_OPTIMIZATION_LEVEL = 0;
				GCC_PREPROCESSOR_DEFINITIONS = (
					"DEBUG=1",
					"$(inherited)",
				);
				GCC_WARN_64_TO_32_BIT_CONVERSION = YES;
				GCC_WARN_ABOUT_RETURN_TYPE = YES_ERROR;
				GCC_WARN_UNDECLARED_SELECTOR = YES;
				GCC_WARN_UNINITIALIZED_AUTOS = YES_AGGRESSIVE;
				GCC_WARN_UNUSED_FUNCTION = YES;
				GCC_WARN_UNUSED_VARIABLE = YES;
				IPHONEOS_DEPLOYMENT_TARGET = 17.2;
				LOCALIZATION_PREFERS_STRING_CATALOGS = YES;
				MTL_ENABLE_DEBUG_INFO = INCLUDE_SOURCE;
				MTL_FAST_MATH = YES;
				ONLY_ACTIVE_ARCH = YES;
				SDKROOT = iphoneos;
				SWIFT_ACTIVE_COMPILATION_CONDITIONS = "DEBUG $(inherited)";
				SWIFT_OPTIMIZATION_LEVEL = "-Onone";
			};
			name = Debug;
		};
		90D0D5C62B40D94C00406596 /* Release */ = {
			isa = XCBuildConfiguration;
			buildSettings = {
				ALWAYS_SEARCH_USER_PATHS = NO;
				ASSETCATALOG_COMPILER_GENERATE_SWIFT_ASSET_SYMBOL_EXTENSIONS = YES;
				CLANG_ANALYZER_NONNULL = YES;
				CLANG_ANALYZER_NUMBER_OBJECT_CONVERSION = YES_AGGRESSIVE;
				CLANG_CXX_LANGUAGE_STANDARD = "gnu++20";
				CLANG_ENABLE_MODULES = YES;
				CLANG_ENABLE_OBJC_ARC = YES;
				CLANG_ENABLE_OBJC_WEAK = YES;
				CLANG_WARN_BLOCK_CAPTURE_AUTORELEASING = YES;
				CLANG_WARN_BOOL_CONVERSION = YES;
				CLANG_WARN_COMMA = YES;
				CLANG_WARN_CONSTANT_CONVERSION = YES;
				CLANG_WARN_DEPRECATED_OBJC_IMPLEMENTATIONS = YES;
				CLANG_WARN_DIRECT_OBJC_ISA_USAGE = YES_ERROR;
				CLANG_WARN_DOCUMENTATION_COMMENTS = YES;
				CLANG_WARN_EMPTY_BODY = YES;
				CLANG_WARN_ENUM_CONVERSION = YES;
				CLANG_WARN_INFINITE_RECURSION = YES;
				CLANG_WARN_INT_CONVERSION = YES;
				CLANG_WARN_NON_LITERAL_NULL_CONVERSION = YES;
				CLANG_WARN_OBJC_IMPLICIT_RETAIN_SELF = YES;
				CLANG_WARN_OBJC_LITERAL_CONVERSION = YES;
				CLANG_WARN_OBJC_ROOT_CLASS = YES_ERROR;
				CLANG_WARN_QUOTED_INCLUDE_IN_FRAMEWORK_HEADER = YES;
				CLANG_WARN_RANGE_LOOP_ANALYSIS = YES;
				CLANG_WARN_STRICT_PROTOTYPES = YES;
				CLANG_WARN_SUSPICIOUS_MOVE = YES;
				CLANG_WARN_UNGUARDED_AVAILABILITY = YES_AGGRESSIVE;
				CLANG_WARN_UNREACHABLE_CODE = YES;
				CLANG_WARN__DUPLICATE_METHOD_MATCH = YES;
				COPY_PHASE_STRIP = NO;
				DEBUG_INFORMATION_FORMAT = "dwarf-with-dsym";
				ENABLE_NS_ASSERTIONS = NO;
				ENABLE_STRICT_OBJC_MSGSEND = YES;
				ENABLE_USER_SCRIPT_SANDBOXING = YES;
				GCC_C_LANGUAGE_STANDARD = gnu17;
				GCC_NO_COMMON_BLOCKS = YES;
				GCC_WARN_64_TO_32_BIT_CONVERSION = YES;
				GCC_WARN_ABOUT_RETURN_TYPE = YES_ERROR;
				GCC_WARN_UNDECLARED_SELECTOR = YES;
				GCC_WARN_UNINITIALIZED_AUTOS = YES_AGGRESSIVE;
				GCC_WARN_UNUSED_FUNCTION = YES;
				GCC_WARN_UNUSED_VARIABLE = YES;
				IPHONEOS_DEPLOYMENT_TARGET = 17.2;
				LOCALIZATION_PREFERS_STRING_CATALOGS = YES;
				MTL_ENABLE_DEBUG_INFO = NO;
				MTL_FAST_MATH = YES;
				SDKROOT = iphoneos;
				SWIFT_COMPILATION_MODE = wholemodule;
				VALIDATE_PRODUCT = YES;
			};
			name = Release;
		};
		90D0D5C82B40D94C00406596 /* Debug */ = {
			isa = XCBuildConfiguration;
			buildSettings = {
				ASSETCATALOG_COMPILER_APPICON_NAME = AppIcon;
				ASSETCATALOG_COMPILER_GLOBAL_ACCENT_COLOR_NAME = AccentColor;
				CODE_SIGN_STYLE = Automatic;
				CURRENT_PROJECT_VERSION = 1;
				DEVELOPMENT_ASSET_PATHS = "\"CryptoMarkets/Preview Content\"";
				DEVELOPMENT_TEAM = TWJ263959T;
				ENABLE_PREVIEWS = YES;
				GENERATE_INFOPLIST_FILE = YES;
				INFOPLIST_KEY_UIApplicationSceneManifest_Generation = YES;
				INFOPLIST_KEY_UIApplicationSupportsIndirectInputEvents = YES;
				INFOPLIST_KEY_UILaunchScreen_Generation = YES;
				INFOPLIST_KEY_UISupportedInterfaceOrientations_iPad = "UIInterfaceOrientationPortrait UIInterfaceOrientationPortraitUpsideDown UIInterfaceOrientationLandscapeLeft UIInterfaceOrientationLandscapeRight";
				INFOPLIST_KEY_UISupportedInterfaceOrientations_iPhone = "UIInterfaceOrientationPortrait UIInterfaceOrientationLandscapeLeft UIInterfaceOrientationLandscapeRight";
				LD_RUNPATH_SEARCH_PATHS = (
					"$(inherited)",
					"@executable_path/Frameworks",
				);
				MARKETING_VERSION = 1.0;
				PRODUCT_BUNDLE_IDENTIFIER = com.stixlee.CryptoMarkets;
				PRODUCT_NAME = "$(TARGET_NAME)";
				SWIFT_EMIT_LOC_STRINGS = YES;
				SWIFT_VERSION = 5.0;
				TARGETED_DEVICE_FAMILY = "1,2";
			};
			name = Debug;
		};
		90D0D5C92B40D94C00406596 /* Release */ = {
			isa = XCBuildConfiguration;
			buildSettings = {
				ASSETCATALOG_COMPILER_APPICON_NAME = AppIcon;
				ASSETCATALOG_COMPILER_GLOBAL_ACCENT_COLOR_NAME = AccentColor;
				CODE_SIGN_STYLE = Automatic;
				CURRENT_PROJECT_VERSION = 1;
				DEVELOPMENT_ASSET_PATHS = "\"CryptoMarkets/Preview Content\"";
				DEVELOPMENT_TEAM = TWJ263959T;
				ENABLE_PREVIEWS = YES;
				GENERATE_INFOPLIST_FILE = YES;
				INFOPLIST_KEY_UIApplicationSceneManifest_Generation = YES;
				INFOPLIST_KEY_UIApplicationSupportsIndirectInputEvents = YES;
				INFOPLIST_KEY_UILaunchScreen_Generation = YES;
				INFOPLIST_KEY_UISupportedInterfaceOrientations_iPad = "UIInterfaceOrientationPortrait UIInterfaceOrientationPortraitUpsideDown UIInterfaceOrientationLandscapeLeft UIInterfaceOrientationLandscapeRight";
				INFOPLIST_KEY_UISupportedInterfaceOrientations_iPhone = "UIInterfaceOrientationPortrait UIInterfaceOrientationLandscapeLeft UIInterfaceOrientationLandscapeRight";
				LD_RUNPATH_SEARCH_PATHS = (
					"$(inherited)",
					"@executable_path/Frameworks",
				);
				MARKETING_VERSION = 1.0;
				PRODUCT_BUNDLE_IDENTIFIER = com.stixlee.CryptoMarkets;
				PRODUCT_NAME = "$(TARGET_NAME)";
				SWIFT_EMIT_LOC_STRINGS = YES;
				SWIFT_VERSION = 5.0;
				TARGETED_DEVICE_FAMILY = "1,2";
			};
			name = Release;
		};
		90D0D5CB2B40D94C00406596 /* Debug */ = {
			isa = XCBuildConfiguration;
			buildSettings = {
				ALWAYS_EMBED_SWIFT_STANDARD_LIBRARIES = YES;
				BUNDLE_LOADER = "$(TEST_HOST)";
				CODE_SIGN_STYLE = Automatic;
				CURRENT_PROJECT_VERSION = 1;
				DEVELOPMENT_TEAM = TWJ263959T;
				GENERATE_INFOPLIST_FILE = YES;
				IPHONEOS_DEPLOYMENT_TARGET = 17.2;
				MARKETING_VERSION = 1.0;
				PRODUCT_BUNDLE_IDENTIFIER = com.stixlee.CryptoMarketsTests;
				PRODUCT_NAME = "$(TARGET_NAME)";
				SWIFT_EMIT_LOC_STRINGS = NO;
				SWIFT_VERSION = 5.0;
				TARGETED_DEVICE_FAMILY = "1,2";
				TEST_HOST = "$(BUILT_PRODUCTS_DIR)/CryptoMarkets.app/$(BUNDLE_EXECUTABLE_FOLDER_PATH)/CryptoMarkets";
			};
			name = Debug;
		};
		90D0D5CC2B40D94C00406596 /* Release */ = {
			isa = XCBuildConfiguration;
			buildSettings = {
				ALWAYS_EMBED_SWIFT_STANDARD_LIBRARIES = YES;
				BUNDLE_LOADER = "$(TEST_HOST)";
				CODE_SIGN_STYLE = Automatic;
				CURRENT_PROJECT_VERSION = 1;
				DEVELOPMENT_TEAM = TWJ263959T;
				GENERATE_INFOPLIST_FILE = YES;
				IPHONEOS_DEPLOYMENT_TARGET = 17.2;
				MARKETING_VERSION = 1.0;
				PRODUCT_BUNDLE_IDENTIFIER = com.stixlee.CryptoMarketsTests;
				PRODUCT_NAME = "$(TARGET_NAME)";
				SWIFT_EMIT_LOC_STRINGS = NO;
				SWIFT_VERSION = 5.0;
				TARGETED_DEVICE_FAMILY = "1,2";
				TEST_HOST = "$(BUILT_PRODUCTS_DIR)/CryptoMarkets.app/$(BUNDLE_EXECUTABLE_FOLDER_PATH)/CryptoMarkets";
			};
			name = Release;
		};
		90D0D5CE2B40D94C00406596 /* Debug */ = {
			isa = XCBuildConfiguration;
			buildSettings = {
				ALWAYS_EMBED_SWIFT_STANDARD_LIBRARIES = YES;
				CODE_SIGN_STYLE = Automatic;
				CURRENT_PROJECT_VERSION = 1;
				DEVELOPMENT_TEAM = TWJ263959T;
				GENERATE_INFOPLIST_FILE = YES;
				MARKETING_VERSION = 1.0;
				PRODUCT_BUNDLE_IDENTIFIER = com.stixlee.CryptoMarketsUITests;
				PRODUCT_NAME = "$(TARGET_NAME)";
				SWIFT_EMIT_LOC_STRINGS = NO;
				SWIFT_VERSION = 5.0;
				TARGETED_DEVICE_FAMILY = "1,2";
				TEST_TARGET_NAME = CryptoMarkets;
			};
			name = Debug;
		};
		90D0D5CF2B40D94C00406596 /* Release */ = {
			isa = XCBuildConfiguration;
			buildSettings = {
				ALWAYS_EMBED_SWIFT_STANDARD_LIBRARIES = YES;
				CODE_SIGN_STYLE = Automatic;
				CURRENT_PROJECT_VERSION = 1;
				DEVELOPMENT_TEAM = TWJ263959T;
				GENERATE_INFOPLIST_FILE = YES;
				MARKETING_VERSION = 1.0;
				PRODUCT_BUNDLE_IDENTIFIER = com.stixlee.CryptoMarketsUITests;
				PRODUCT_NAME = "$(TARGET_NAME)";
				SWIFT_EMIT_LOC_STRINGS = NO;
				SWIFT_VERSION = 5.0;
				TARGETED_DEVICE_FAMILY = "1,2";
				TEST_TARGET_NAME = CryptoMarkets;
			};
			name = Release;
		};
/* End XCBuildConfiguration section */

/* Begin XCConfigurationList section */
		90D0D59E2B40D94900406596 /* Build configuration list for PBXProject "CryptoMarkets" */ = {
			isa = XCConfigurationList;
			buildConfigurations = (
				90D0D5C52B40D94C00406596 /* Debug */,
				90D0D5C62B40D94C00406596 /* Release */,
			);
			defaultConfigurationIsVisible = 0;
			defaultConfigurationName = Release;
		};
		90D0D5C72B40D94C00406596 /* Build configuration list for PBXNativeTarget "CryptoMarkets" */ = {
			isa = XCConfigurationList;
			buildConfigurations = (
				90D0D5C82B40D94C00406596 /* Debug */,
				90D0D5C92B40D94C00406596 /* Release */,
			);
			defaultConfigurationIsVisible = 0;
			defaultConfigurationName = Release;
		};
		90D0D5CA2B40D94C00406596 /* Build configuration list for PBXNativeTarget "CryptoMarketsTests" */ = {
			isa = XCConfigurationList;
			buildConfigurations = (
				90D0D5CB2B40D94C00406596 /* Debug */,
				90D0D5CC2B40D94C00406596 /* Release */,
			);
			defaultConfigurationIsVisible = 0;
			defaultConfigurationName = Release;
		};
		90D0D5CD2B40D94C00406596 /* Build configuration list for PBXNativeTarget "CryptoMarketsUITests" */ = {
			isa = XCConfigurationList;
			buildConfigurations = (
				90D0D5CE2B40D94C00406596 /* Debug */,
				90D0D5CF2B40D94C00406596 /* Release */,
			);
			defaultConfigurationIsVisible = 0;
			defaultConfigurationName = Release;
		};
/* End XCConfigurationList section */
	};
	rootObject = 90D0D59B2B40D94900406596 /* Project object */;
}
